// !$*UTF8*$!
{
	archiveVersion = 1;
	classes = {
	};
	objectVersion = 56;
	objects = {

/* Begin PBXBuildFile section */
		FA0BADF12A8BDAAD0066EE40 /* DetailMovieViewController.swift in Sources */ = {isa = PBXBuildFile; fileRef = FA0BADEF2A8BDAAD0066EE40 /* DetailMovieViewController.swift */; };
		FA0BADF22A8BDAAD0066EE40 /* DetailMovieViewController.xib in Resources */ = {isa = PBXBuildFile; fileRef = FA0BADF02A8BDAAD0066EE40 /* DetailMovieViewController.xib */; };
		FA0BADF42A8BDAD80066EE40 /* DetailMovieViewModel.swift in Sources */ = {isa = PBXBuildFile; fileRef = FA0BADF32A8BDAD80066EE40 /* DetailMovieViewModel.swift */; };
		FA0BADF62A8BDCB60066EE40 /* ScoreIndicatorView.swift in Sources */ = {isa = PBXBuildFile; fileRef = FA0BADF52A8BDCB60066EE40 /* ScoreIndicatorView.swift */; };
		FA0BADF82A8BDFAE0066EE40 /* UIViewController+Extension.swift in Sources */ = {isa = PBXBuildFile; fileRef = FA0BADF72A8BDFAE0066EE40 /* UIViewController+Extension.swift */; };
		FA312BB72A6FEAEE007FFB98 /* Network.swift in Sources */ = {isa = PBXBuildFile; fileRef = FA312BB62A6FEAEE007FFB98 /* Network.swift */; };
		FA312BBA2A6FEBA6007FFB98 /* Alamofire in Frameworks */ = {isa = PBXBuildFile; productRef = FA312BB92A6FEBA6007FFB98 /* Alamofire */; };
		FA42FB8D2A79315A00076879 /* HomeViewController.swift in Sources */ = {isa = PBXBuildFile; fileRef = FA42FB8B2A79315A00076879 /* HomeViewController.swift */; };
		FA42FB8E2A79315A00076879 /* HomeViewController.xib in Resources */ = {isa = PBXBuildFile; fileRef = FA42FB8C2A79315A00076879 /* HomeViewController.xib */; };
		FA42FB902A79316A00076879 /* HomeViewModel.swift in Sources */ = {isa = PBXBuildFile; fileRef = FA42FB8F2A79316A00076879 /* HomeViewModel.swift */; };
		FA45EA5F2A684ADD0012791A /* BaseViewController.swift in Sources */ = {isa = PBXBuildFile; fileRef = FA45EA5E2A684ADD0012791A /* BaseViewController.swift */; };
		FA45EA612A684AF40012791A /* BaseViewModel.swift in Sources */ = {isa = PBXBuildFile; fileRef = FA45EA602A684AF40012791A /* BaseViewModel.swift */; };
		FA60F1152A910259008444B9 /* DetailMovieTableViewCell.xib in Resources */ = {isa = PBXBuildFile; fileRef = FA60F1142A910259008444B9 /* DetailMovieTableViewCell.xib */; };
		FA6E3EE62A63F16300C0BE91 /* AppDelegate.swift in Sources */ = {isa = PBXBuildFile; fileRef = FA6E3EE52A63F16300C0BE91 /* AppDelegate.swift */; };
		FA6E3EE82A63F16300C0BE91 /* SceneDelegate.swift in Sources */ = {isa = PBXBuildFile; fileRef = FA6E3EE72A63F16300C0BE91 /* SceneDelegate.swift */; };
		FA6E3EEA2A63F16300C0BE91 /* ViewController.swift in Sources */ = {isa = PBXBuildFile; fileRef = FA6E3EE92A63F16300C0BE91 /* ViewController.swift */; };
		FA6E3EED2A63F16300C0BE91 /* Main.storyboard in Resources */ = {isa = PBXBuildFile; fileRef = FA6E3EEB2A63F16300C0BE91 /* Main.storyboard */; };
		FA6E3EEF2A63F16400C0BE91 /* Assets.xcassets in Resources */ = {isa = PBXBuildFile; fileRef = FA6E3EEE2A63F16400C0BE91 /* Assets.xcassets */; };
		FA6E3EF22A63F16400C0BE91 /* LaunchScreen.storyboard in Resources */ = {isa = PBXBuildFile; fileRef = FA6E3EF02A63F16400C0BE91 /* LaunchScreen.storyboard */; };
		FA9BA4B62A83A36E006F6EFF /* CustomUIViewContainer.swift in Sources */ = {isa = PBXBuildFile; fileRef = FA9BA4B52A83A36E006F6EFF /* CustomUIViewContainer.swift */; };
		FA9BA4B82A83A3C9006F6EFF /* CustomUIImageView.swift in Sources */ = {isa = PBXBuildFile; fileRef = FA9BA4B72A83A3C9006F6EFF /* CustomUIImageView.swift */; };
		FAB226A42A8D4B5000E4F2DE /* UILabel+Extension.swift in Sources */ = {isa = PBXBuildFile; fileRef = FAB226A32A8D4B5000E4F2DE /* UILabel+Extension.swift */; };
		FAB226A62A8D4B9600E4F2DE /* IconeColor.swift in Sources */ = {isa = PBXBuildFile; fileRef = FAB226A52A8D4B9600E4F2DE /* IconeColor.swift */; };
		FAB226A82A8D4BBD00E4F2DE /* IconeName.swift in Sources */ = {isa = PBXBuildFile; fileRef = FAB226A72A8D4BBD00E4F2DE /* IconeName.swift */; };
		FAB226AA2A8D65B600E4F2DE /* AlertTitle.swift in Sources */ = {isa = PBXBuildFile; fileRef = FAB226A92A8D65B600E4F2DE /* AlertTitle.swift */; };
		FAB226AC2A8D65E900E4F2DE /* ActionTitle.swift in Sources */ = {isa = PBXBuildFile; fileRef = FAB226AB2A8D65E900E4F2DE /* ActionTitle.swift */; };
		FAB226AF2A8D697600E4F2DE /* TrailerCollectionViewCell.swift in Sources */ = {isa = PBXBuildFile; fileRef = FAB226AD2A8D697600E4F2DE /* TrailerCollectionViewCell.swift */; };
		FAB226B02A8D697600E4F2DE /* TrailerCollectionViewCell.xib in Resources */ = {isa = PBXBuildFile; fileRef = FAB226AE2A8D697600E4F2DE /* TrailerCollectionViewCell.xib */; };
		FAB226B32A8D698B00E4F2DE /* ActorsCollectionViewCell.swift in Sources */ = {isa = PBXBuildFile; fileRef = FAB226B12A8D698B00E4F2DE /* ActorsCollectionViewCell.swift */; };
		FAB226B42A8D698B00E4F2DE /* ActorsCollectionViewCell.xib in Resources */ = {isa = PBXBuildFile; fileRef = FAB226B22A8D698B00E4F2DE /* ActorsCollectionViewCell.xib */; };
		FAB226B72A8D718500E4F2DE /* DetailMovieTableViewCell.swift in Sources */ = {isa = PBXBuildFile; fileRef = FAB226B52A8D718500E4F2DE /* DetailMovieTableViewCell.swift */; };
		FAB99A502A7940B800EB5307 /* MovieCollectionTableViewCell.swift in Sources */ = {isa = PBXBuildFile; fileRef = FAB99A4E2A7940B800EB5307 /* MovieCollectionTableViewCell.swift */; };
		FAB99A512A7940B800EB5307 /* MovieCollectionTableViewCell.xib in Resources */ = {isa = PBXBuildFile; fileRef = FAB99A4F2A7940B800EB5307 /* MovieCollectionTableViewCell.xib */; };
		FAB99A582A79436600EB5307 /* MovieListCollectionViewCell.swift in Sources */ = {isa = PBXBuildFile; fileRef = FAB99A562A79436600EB5307 /* MovieListCollectionViewCell.swift */; };
		FAB99A592A79436600EB5307 /* MovieListCollectionViewCell.xib in Resources */ = {isa = PBXBuildFile; fileRef = FAB99A572A79436600EB5307 /* MovieListCollectionViewCell.xib */; };
		FAB99A5E2A796CEE00EB5307 /* MovieModelProtocol.swift in Sources */ = {isa = PBXBuildFile; fileRef = FAB99A5D2A796CEE00EB5307 /* MovieModelProtocol.swift */; };
		FAB99A612A796D3E00EB5307 /* MovieResult.swift in Sources */ = {isa = PBXBuildFile; fileRef = FAB99A602A796D3E00EB5307 /* MovieResult.swift */; };
		FAB99A632A796E3C00EB5307 /* PopularMoviesModel.swift in Sources */ = {isa = PBXBuildFile; fileRef = FAB99A622A796E3C00EB5307 /* PopularMoviesModel.swift */; };
		FAB99A652A796E6D00EB5307 /* TrendMoviesModel.swift in Sources */ = {isa = PBXBuildFile; fileRef = FAB99A642A796E6D00EB5307 /* TrendMoviesModel.swift */; };
		FAB99A672A7972EC00EB5307 /* Constant.swift in Sources */ = {isa = PBXBuildFile; fileRef = FAB99A662A7972EC00EB5307 /* Constant.swift */; };
		FAB99A692A79733000EB5307 /* Constant+RequestParthMovie.swift in Sources */ = {isa = PBXBuildFile; fileRef = FAB99A682A79733000EB5307 /* Constant+RequestParthMovie.swift */; };
		FAB99A6C2A7A59F300EB5307 /* SDWebImage in Frameworks */ = {isa = PBXBuildFile; productRef = FAB99A6B2A7A59F300EB5307 /* SDWebImage */; };
		FAB99A6E2A7A59F400EB5307 /* SDWebImageMapKit in Frameworks */ = {isa = PBXBuildFile; productRef = FAB99A6D2A7A59F300EB5307 /* SDWebImageMapKit */; };
		FAB99A712A7A5AAB00EB5307 /* UIImageView+Extension.swift in Sources */ = {isa = PBXBuildFile; fileRef = FAB99A702A7A5AAB00EB5307 /* UIImageView+Extension.swift */; };
		FAB99A732A7A5C0000EB5307 /* ImageSizeSections.swift in Sources */ = {isa = PBXBuildFile; fileRef = FAB99A722A7A5C0000EB5307 /* ImageSizeSections.swift */; };
		FAB99A752A7A665000EB5307 /* MovieTableViewCellDelegate.swift in Sources */ = {isa = PBXBuildFile; fileRef = FAB99A742A7A665000EB5307 /* MovieTableViewCellDelegate.swift */; };
		FAED83812A8BEE1000328E0F /* CustomContainerUIView.swift in Sources */ = {isa = PBXBuildFile; fileRef = FAED83802A8BEE1000328E0F /* CustomContainerUIView.swift */; };
		FAED83842A8D06EB00328E0F /* DetailMovieModel.swift in Sources */ = {isa = PBXBuildFile; fileRef = FAED83832A8D06EB00328E0F /* DetailMovieModel.swift */; };
		FAED83862A8D070400328E0F /* ProductionCompany.swift in Sources */ = {isa = PBXBuildFile; fileRef = FAED83852A8D070400328E0F /* ProductionCompany.swift */; };
		FAED83882A8D073100328E0F /* Genre.swift in Sources */ = {isa = PBXBuildFile; fileRef = FAED83872A8D073100328E0F /* Genre.swift */; };
		FAED838A2A8D075F00328E0F /* ProductionCountry.swift in Sources */ = {isa = PBXBuildFile; fileRef = FAED83892A8D075F00328E0F /* ProductionCountry.swift */; };
		FAED838C2A8D079100328E0F /* SpokenLanguage.swift in Sources */ = {isa = PBXBuildFile; fileRef = FAED838B2A8D079100328E0F /* SpokenLanguage.swift */; };
		FAED83902A8D09F100328E0F /* Language.swift in Sources */ = {isa = PBXBuildFile; fileRef = FAED838F2A8D09F100328E0F /* Language.swift */; };
		FAED83922A8D0C1500328E0F /* CustomUILabel.swift in Sources */ = {isa = PBXBuildFile; fileRef = FAED83912A8D0C1500328E0F /* CustomUILabel.swift */; };
		FAED83942A8D0D2400328E0F /* CustomUIButton.swift in Sources */ = {isa = PBXBuildFile; fileRef = FAED83932A8D0D2400328E0F /* CustomUIButton.swift */; };
/* End PBXBuildFile section */

/* Begin PBXFileReference section */
		FA0BADEF2A8BDAAD0066EE40 /* DetailMovieViewController.swift */ = {isa = PBXFileReference; lastKnownFileType = sourcecode.swift; path = DetailMovieViewController.swift; sourceTree = "<group>"; };
		FA0BADF02A8BDAAD0066EE40 /* DetailMovieViewController.xib */ = {isa = PBXFileReference; lastKnownFileType = file.xib; path = DetailMovieViewController.xib; sourceTree = "<group>"; };
		FA0BADF32A8BDAD80066EE40 /* DetailMovieViewModel.swift */ = {isa = PBXFileReference; lastKnownFileType = sourcecode.swift; path = DetailMovieViewModel.swift; sourceTree = "<group>"; };
		FA0BADF52A8BDCB60066EE40 /* ScoreIndicatorView.swift */ = {isa = PBXFileReference; lastKnownFileType = sourcecode.swift; path = ScoreIndicatorView.swift; sourceTree = "<group>"; };
		FA0BADF72A8BDFAE0066EE40 /* UIViewController+Extension.swift */ = {isa = PBXFileReference; lastKnownFileType = sourcecode.swift; path = "UIViewController+Extension.swift"; sourceTree = "<group>"; };
		FA312BB62A6FEAEE007FFB98 /* Network.swift */ = {isa = PBXFileReference; lastKnownFileType = sourcecode.swift; path = Network.swift; sourceTree = "<group>"; };
		FA42FB8B2A79315A00076879 /* HomeViewController.swift */ = {isa = PBXFileReference; lastKnownFileType = sourcecode.swift; path = HomeViewController.swift; sourceTree = "<group>"; };
		FA42FB8C2A79315A00076879 /* HomeViewController.xib */ = {isa = PBXFileReference; lastKnownFileType = file.xib; path = HomeViewController.xib; sourceTree = "<group>"; };
		FA42FB8F2A79316A00076879 /* HomeViewModel.swift */ = {isa = PBXFileReference; lastKnownFileType = sourcecode.swift; path = HomeViewModel.swift; sourceTree = "<group>"; };
		FA45EA5E2A684ADD0012791A /* BaseViewController.swift */ = {isa = PBXFileReference; lastKnownFileType = sourcecode.swift; path = BaseViewController.swift; sourceTree = "<group>"; };
		FA45EA602A684AF40012791A /* BaseViewModel.swift */ = {isa = PBXFileReference; lastKnownFileType = sourcecode.swift; path = BaseViewModel.swift; sourceTree = "<group>"; };
		FA60F1142A910259008444B9 /* DetailMovieTableViewCell.xib */ = {isa = PBXFileReference; lastKnownFileType = file.xib; path = DetailMovieTableViewCell.xib; sourceTree = "<group>"; };
		FA6E3EE22A63F16300C0BE91 /* MovieDB.app */ = {isa = PBXFileReference; explicitFileType = wrapper.application; includeInIndex = 0; path = MovieDB.app; sourceTree = BUILT_PRODUCTS_DIR; };
		FA6E3EE52A63F16300C0BE91 /* AppDelegate.swift */ = {isa = PBXFileReference; lastKnownFileType = sourcecode.swift; path = AppDelegate.swift; sourceTree = "<group>"; };
		FA6E3EE72A63F16300C0BE91 /* SceneDelegate.swift */ = {isa = PBXFileReference; lastKnownFileType = sourcecode.swift; path = SceneDelegate.swift; sourceTree = "<group>"; };
		FA6E3EE92A63F16300C0BE91 /* ViewController.swift */ = {isa = PBXFileReference; lastKnownFileType = sourcecode.swift; path = ViewController.swift; sourceTree = "<group>"; };
		FA6E3EEC2A63F16300C0BE91 /* Base */ = {isa = PBXFileReference; lastKnownFileType = file.storyboard; name = Base; path = Base.lproj/Main.storyboard; sourceTree = "<group>"; };
		FA6E3EEE2A63F16400C0BE91 /* Assets.xcassets */ = {isa = PBXFileReference; lastKnownFileType = folder.assetcatalog; path = Assets.xcassets; sourceTree = "<group>"; };
		FA6E3EF12A63F16400C0BE91 /* Base */ = {isa = PBXFileReference; lastKnownFileType = file.storyboard; name = Base; path = Base.lproj/LaunchScreen.storyboard; sourceTree = "<group>"; };
		FA6E3EF32A63F16400C0BE91 /* Info.plist */ = {isa = PBXFileReference; lastKnownFileType = text.plist.xml; path = Info.plist; sourceTree = "<group>"; };
		FA9BA4B52A83A36E006F6EFF /* CustomUIViewContainer.swift */ = {isa = PBXFileReference; lastKnownFileType = sourcecode.swift; path = CustomUIViewContainer.swift; sourceTree = "<group>"; };
		FA9BA4B72A83A3C9006F6EFF /* CustomUIImageView.swift */ = {isa = PBXFileReference; lastKnownFileType = sourcecode.swift; path = CustomUIImageView.swift; sourceTree = "<group>"; };
		FAB226A32A8D4B5000E4F2DE /* UILabel+Extension.swift */ = {isa = PBXFileReference; lastKnownFileType = sourcecode.swift; path = "UILabel+Extension.swift"; sourceTree = "<group>"; };
		FAB226A52A8D4B9600E4F2DE /* IconeColor.swift */ = {isa = PBXFileReference; lastKnownFileType = sourcecode.swift; path = IconeColor.swift; sourceTree = "<group>"; };
		FAB226A72A8D4BBD00E4F2DE /* IconeName.swift */ = {isa = PBXFileReference; lastKnownFileType = sourcecode.swift; path = IconeName.swift; sourceTree = "<group>"; };
		FAB226A92A8D65B600E4F2DE /* AlertTitle.swift */ = {isa = PBXFileReference; lastKnownFileType = sourcecode.swift; path = AlertTitle.swift; sourceTree = "<group>"; };
		FAB226AB2A8D65E900E4F2DE /* ActionTitle.swift */ = {isa = PBXFileReference; lastKnownFileType = sourcecode.swift; path = ActionTitle.swift; sourceTree = "<group>"; };
		FAB226AD2A8D697600E4F2DE /* TrailerCollectionViewCell.swift */ = {isa = PBXFileReference; lastKnownFileType = sourcecode.swift; path = TrailerCollectionViewCell.swift; sourceTree = "<group>"; };
		FAB226AE2A8D697600E4F2DE /* TrailerCollectionViewCell.xib */ = {isa = PBXFileReference; lastKnownFileType = file.xib; path = TrailerCollectionViewCell.xib; sourceTree = "<group>"; };
		FAB226B12A8D698B00E4F2DE /* ActorsCollectionViewCell.swift */ = {isa = PBXFileReference; lastKnownFileType = sourcecode.swift; path = ActorsCollectionViewCell.swift; sourceTree = "<group>"; };
		FAB226B22A8D698B00E4F2DE /* ActorsCollectionViewCell.xib */ = {isa = PBXFileReference; lastKnownFileType = file.xib; path = ActorsCollectionViewCell.xib; sourceTree = "<group>"; };
		FAB226B52A8D718500E4F2DE /* DetailMovieTableViewCell.swift */ = {isa = PBXFileReference; lastKnownFileType = sourcecode.swift; path = DetailMovieTableViewCell.swift; sourceTree = "<group>"; };
		FAB99A4E2A7940B800EB5307 /* MovieCollectionTableViewCell.swift */ = {isa = PBXFileReference; lastKnownFileType = sourcecode.swift; path = MovieCollectionTableViewCell.swift; sourceTree = "<group>"; };
		FAB99A4F2A7940B800EB5307 /* MovieCollectionTableViewCell.xib */ = {isa = PBXFileReference; lastKnownFileType = file.xib; path = MovieCollectionTableViewCell.xib; sourceTree = "<group>"; };
		FAB99A562A79436600EB5307 /* MovieListCollectionViewCell.swift */ = {isa = PBXFileReference; lastKnownFileType = sourcecode.swift; path = MovieListCollectionViewCell.swift; sourceTree = "<group>"; };
		FAB99A572A79436600EB5307 /* MovieListCollectionViewCell.xib */ = {isa = PBXFileReference; lastKnownFileType = file.xib; path = MovieListCollectionViewCell.xib; sourceTree = "<group>"; };
		FAB99A5D2A796CEE00EB5307 /* MovieModelProtocol.swift */ = {isa = PBXFileReference; lastKnownFileType = sourcecode.swift; path = MovieModelProtocol.swift; sourceTree = "<group>"; };
		FAB99A602A796D3E00EB5307 /* MovieResult.swift */ = {isa = PBXFileReference; lastKnownFileType = sourcecode.swift; path = MovieResult.swift; sourceTree = "<group>"; };
		FAB99A622A796E3C00EB5307 /* PopularMoviesModel.swift */ = {isa = PBXFileReference; lastKnownFileType = sourcecode.swift; path = PopularMoviesModel.swift; sourceTree = "<group>"; };
		FAB99A642A796E6D00EB5307 /* TrendMoviesModel.swift */ = {isa = PBXFileReference; lastKnownFileType = sourcecode.swift; path = TrendMoviesModel.swift; sourceTree = "<group>"; };
		FAB99A662A7972EC00EB5307 /* Constant.swift */ = {isa = PBXFileReference; lastKnownFileType = sourcecode.swift; path = Constant.swift; sourceTree = "<group>"; };
		FAB99A682A79733000EB5307 /* Constant+RequestParthMovie.swift */ = {isa = PBXFileReference; lastKnownFileType = sourcecode.swift; path = "Constant+RequestParthMovie.swift"; sourceTree = "<group>"; };
		FAB99A702A7A5AAB00EB5307 /* UIImageView+Extension.swift */ = {isa = PBXFileReference; lastKnownFileType = sourcecode.swift; path = "UIImageView+Extension.swift"; sourceTree = "<group>"; };
		FAB99A722A7A5C0000EB5307 /* ImageSizeSections.swift */ = {isa = PBXFileReference; lastKnownFileType = sourcecode.swift; path = ImageSizeSections.swift; sourceTree = "<group>"; };
		FAB99A742A7A665000EB5307 /* MovieTableViewCellDelegate.swift */ = {isa = PBXFileReference; lastKnownFileType = sourcecode.swift; path = MovieTableViewCellDelegate.swift; sourceTree = "<group>"; };
		FAED83802A8BEE1000328E0F /* CustomContainerUIView.swift */ = {isa = PBXFileReference; lastKnownFileType = sourcecode.swift; path = CustomContainerUIView.swift; sourceTree = "<group>"; };
		FAED83832A8D06EB00328E0F /* DetailMovieModel.swift */ = {isa = PBXFileReference; lastKnownFileType = sourcecode.swift; path = DetailMovieModel.swift; sourceTree = "<group>"; };
		FAED83852A8D070400328E0F /* ProductionCompany.swift */ = {isa = PBXFileReference; lastKnownFileType = sourcecode.swift; path = ProductionCompany.swift; sourceTree = "<group>"; };
		FAED83872A8D073100328E0F /* Genre.swift */ = {isa = PBXFileReference; lastKnownFileType = sourcecode.swift; path = Genre.swift; sourceTree = "<group>"; };
		FAED83892A8D075F00328E0F /* ProductionCountry.swift */ = {isa = PBXFileReference; lastKnownFileType = sourcecode.swift; path = ProductionCountry.swift; sourceTree = "<group>"; };
		FAED838B2A8D079100328E0F /* SpokenLanguage.swift */ = {isa = PBXFileReference; lastKnownFileType = sourcecode.swift; path = SpokenLanguage.swift; sourceTree = "<group>"; };
		FAED838F2A8D09F100328E0F /* Language.swift */ = {isa = PBXFileReference; lastKnownFileType = sourcecode.swift; path = Language.swift; sourceTree = "<group>"; };
		FAED83912A8D0C1500328E0F /* CustomUILabel.swift */ = {isa = PBXFileReference; lastKnownFileType = sourcecode.swift; path = CustomUILabel.swift; sourceTree = "<group>"; };
		FAED83932A8D0D2400328E0F /* CustomUIButton.swift */ = {isa = PBXFileReference; lastKnownFileType = sourcecode.swift; path = CustomUIButton.swift; sourceTree = "<group>"; };
/* End PBXFileReference section */

/* Begin PBXFrameworksBuildPhase section */
		FA6E3EDF2A63F16300C0BE91 /* Frameworks */ = {
			isa = PBXFrameworksBuildPhase;
			buildActionMask = 2147483647;
			files = (
				FAB99A6C2A7A59F300EB5307 /* SDWebImage in Frameworks */,
				FAB99A6E2A7A59F400EB5307 /* SDWebImageMapKit in Frameworks */,
				FA312BBA2A6FEBA6007FFB98 /* Alamofire in Frameworks */,
			);
			runOnlyForDeploymentPostprocessing = 0;
		};
/* End PBXFrameworksBuildPhase section */

/* Begin PBXGroup section */
		FA0BADEE2A8BDA8E0066EE40 /* DetailMovie */ = {
			isa = PBXGroup;
			children = (
				FA0BADEF2A8BDAAD0066EE40 /* DetailMovieViewController.swift */,
				FA0BADF02A8BDAAD0066EE40 /* DetailMovieViewController.xib */,
				FA0BADF32A8BDAD80066EE40 /* DetailMovieViewModel.swift */,
			);
			path = DetailMovie;
			sourceTree = "<group>";
		};
		FA42FB8A2A79314900076879 /* Home */ = {
			isa = PBXGroup;
			children = (
				FA42FB8B2A79315A00076879 /* HomeViewController.swift */,
				FA42FB8C2A79315A00076879 /* HomeViewController.xib */,
				FA42FB8F2A79316A00076879 /* HomeViewModel.swift */,
			);
			path = Home;
			sourceTree = "<group>";
		};
		FA45EA542A6843E10012791A /* Models */ = {
			isa = PBXGroup;
			children = (
				FAB99A5F2A796D3400EB5307 /* Movie */,
			);
			path = Models;
			sourceTree = "<group>";
		};
		FA45EA552A6843EB0012791A /* Constant */ = {
			isa = PBXGroup;
			children = (
				FAB99A662A7972EC00EB5307 /* Constant.swift */,
				FAB99A682A79733000EB5307 /* Constant+RequestParthMovie.swift */,
			);
			path = Constant;
			sourceTree = "<group>";
		};
		FA45EA562A6843F30012791A /* Data */ = {
			isa = PBXGroup;
			children = (
				FA312BB62A6FEAEE007FFB98 /* Network.swift */,
			);
			path = Data;
			sourceTree = "<group>";
		};
		FA45EA572A6843FA0012791A /* Localiable */ = {
			isa = PBXGroup;
			children = (
			);
			path = Localiable;
			sourceTree = "<group>";
		};
		FA45EA582A6844030012791A /* Protocol */ = {
			isa = PBXGroup;
			children = (
				FAB99A5D2A796CEE00EB5307 /* MovieModelProtocol.swift */,
				FAB99A742A7A665000EB5307 /* MovieTableViewCellDelegate.swift */,
			);
			path = Protocol;
			sourceTree = "<group>";
		};
		FA45EA592A68441D0012791A /* Enum */ = {
			isa = PBXGroup;
			children = (
				FAB99A722A7A5C0000EB5307 /* ImageSizeSections.swift */,
				FAED838F2A8D09F100328E0F /* Language.swift */,
				FAB226A52A8D4B9600E4F2DE /* IconeColor.swift */,
				FAB226A72A8D4BBD00E4F2DE /* IconeName.swift */,
				FAB226A92A8D65B600E4F2DE /* AlertTitle.swift */,
				FAB226AB2A8D65E900E4F2DE /* ActionTitle.swift */,
			);
			path = Enum;
			sourceTree = "<group>";
		};
		FA45EA5A2A68442A0012791A /* SupportingFiles */ = {
			isa = PBXGroup;
			children = (
				FA6E3EEE2A63F16400C0BE91 /* Assets.xcassets */,
			);
			path = SupportingFiles;
			sourceTree = "<group>";
		};
		FA45EA5B2A68443D0012791A /* Scene */ = {
			isa = PBXGroup;
			children = (
				FA0BADEE2A8BDA8E0066EE40 /* DetailMovie */,
				FA9BA4B42A83A347006F6EFF /* CustomViews */,
				FAB99A482A793FC900EB5307 /* Cells */,
				FA42FB8A2A79314900076879 /* Home */,
				FA45EA5D2A684AB60012791A /* Base */,
				FA6E3EF02A63F16400C0BE91 /* LaunchScreen.storyboard */,
			);
			path = Scene;
			sourceTree = "<group>";
		};
		FA45EA5C2A6844460012791A /* Delegate */ = {
			isa = PBXGroup;
			children = (
				FA6E3EE52A63F16300C0BE91 /* AppDelegate.swift */,
				FA6E3EE72A63F16300C0BE91 /* SceneDelegate.swift */,
			);
			path = Delegate;
			sourceTree = "<group>";
		};
		FA45EA5D2A684AB60012791A /* Base */ = {
			isa = PBXGroup;
			children = (
				FA45EA5E2A684ADD0012791A /* BaseViewController.swift */,
				FA45EA602A684AF40012791A /* BaseViewModel.swift */,
			);
			path = Base;
			sourceTree = "<group>";
		};
		FA6E3ED92A63F16300C0BE91 = {
			isa = PBXGroup;
			children = (
				FA6E3EE42A63F16300C0BE91 /* MovieDB */,
				FA6E3EE32A63F16300C0BE91 /* Products */,
			);
			sourceTree = "<group>";
		};
		FA6E3EE32A63F16300C0BE91 /* Products */ = {
			isa = PBXGroup;
			children = (
				FA6E3EE22A63F16300C0BE91 /* MovieDB.app */,
			);
			name = Products;
			sourceTree = "<group>";
		};
		FA6E3EE42A63F16300C0BE91 /* MovieDB */ = {
			isa = PBXGroup;
			children = (
				FAB99A6F2A7A5A5500EB5307 /* Extension */,
				FA45EA5C2A6844460012791A /* Delegate */,
				FA45EA5B2A68443D0012791A /* Scene */,
				FA45EA592A68441D0012791A /* Enum */,
				FA45EA582A6844030012791A /* Protocol */,
				FA45EA572A6843FA0012791A /* Localiable */,
				FA45EA562A6843F30012791A /* Data */,
				FA45EA552A6843EB0012791A /* Constant */,
				FA45EA542A6843E10012791A /* Models */,
				FA45EA5A2A68442A0012791A /* SupportingFiles */,
				FA6E3EE92A63F16300C0BE91 /* ViewController.swift */,
				FA6E3EEB2A63F16300C0BE91 /* Main.storyboard */,
				FA6E3EF32A63F16400C0BE91 /* Info.plist */,
			);
			path = MovieDB;
			sourceTree = "<group>";
		};
		FA9BA4B42A83A347006F6EFF /* CustomViews */ = {
			isa = PBXGroup;
			children = (
				FA9BA4B52A83A36E006F6EFF /* CustomUIViewContainer.swift */,
				FA9BA4B72A83A3C9006F6EFF /* CustomUIImageView.swift */,
				FA0BADF52A8BDCB60066EE40 /* ScoreIndicatorView.swift */,
				FAED83802A8BEE1000328E0F /* CustomContainerUIView.swift */,
				FAED83912A8D0C1500328E0F /* CustomUILabel.swift */,
				FAED83932A8D0D2400328E0F /* CustomUIButton.swift */,
			);
			path = CustomViews;
			sourceTree = "<group>";
		};
		FAB99A482A793FC900EB5307 /* Cells */ = {
			isa = PBXGroup;
			children = (
				FAB99A4E2A7940B800EB5307 /* MovieCollectionTableViewCell.swift */,
				FAB99A4F2A7940B800EB5307 /* MovieCollectionTableViewCell.xib */,
				FAB99A562A79436600EB5307 /* MovieListCollectionViewCell.swift */,
				FAB99A572A79436600EB5307 /* MovieListCollectionViewCell.xib */,
				FAB226AD2A8D697600E4F2DE /* TrailerCollectionViewCell.swift */,
				FAB226AE2A8D697600E4F2DE /* TrailerCollectionViewCell.xib */,
				FAB226B12A8D698B00E4F2DE /* ActorsCollectionViewCell.swift */,
				FAB226B22A8D698B00E4F2DE /* ActorsCollectionViewCell.xib */,
				FAB226B52A8D718500E4F2DE /* DetailMovieTableViewCell.swift */,
				FA60F1142A910259008444B9 /* DetailMovieTableViewCell.xib */,
			);
			path = Cells;
			sourceTree = "<group>";
		};
		FAB99A5F2A796D3400EB5307 /* Movie */ = {
			isa = PBXGroup;
			children = (
				FAED83822A8D06D800328E0F /* Detail */,
				FAB99A602A796D3E00EB5307 /* MovieResult.swift */,
				FAB99A622A796E3C00EB5307 /* PopularMoviesModel.swift */,
				FAB99A642A796E6D00EB5307 /* TrendMoviesModel.swift */,
			);
			path = Movie;
			sourceTree = "<group>";
		};
		FAB99A6F2A7A5A5500EB5307 /* Extension */ = {
			isa = PBXGroup;
			children = (
				FAB99A702A7A5AAB00EB5307 /* UIImageView+Extension.swift */,
				FA0BADF72A8BDFAE0066EE40 /* UIViewController+Extension.swift */,
				FAB226A32A8D4B5000E4F2DE /* UILabel+Extension.swift */,
			);
			path = Extension;
			sourceTree = "<group>";
		};
		FAED83822A8D06D800328E0F /* Detail */ = {
			isa = PBXGroup;
			children = (
				FAED83832A8D06EB00328E0F /* DetailMovieModel.swift */,
				FAED83852A8D070400328E0F /* ProductionCompany.swift */,
				FAED83872A8D073100328E0F /* Genre.swift */,
				FAED83892A8D075F00328E0F /* ProductionCountry.swift */,
				FAED838B2A8D079100328E0F /* SpokenLanguage.swift */,
			);
			path = Detail;
			sourceTree = "<group>";
		};
/* End PBXGroup section */

/* Begin PBXNativeTarget section */
		FA6E3EE12A63F16300C0BE91 /* MovieDB */ = {
			isa = PBXNativeTarget;
			buildConfigurationList = FA6E3EF62A63F16400C0BE91 /* Build configuration list for PBXNativeTarget "MovieDB" */;
			buildPhases = (
				FA6E3EDE2A63F16300C0BE91 /* Sources */,
				FA6E3EDF2A63F16300C0BE91 /* Frameworks */,
				FA6E3EE02A63F16300C0BE91 /* Resources */,
			);
			buildRules = (
			);
			dependencies = (
			);
			name = MovieDB;
			packageProductDependencies = (
				FA312BB92A6FEBA6007FFB98 /* Alamofire */,
				FAB99A6B2A7A59F300EB5307 /* SDWebImage */,
				FAB99A6D2A7A59F300EB5307 /* SDWebImageMapKit */,
			);
			productName = MovieDB;
			productReference = FA6E3EE22A63F16300C0BE91 /* MovieDB.app */;
			productType = "com.apple.product-type.application";
		};
/* End PBXNativeTarget section */

/* Begin PBXProject section */
		FA6E3EDA2A63F16300C0BE91 /* Project object */ = {
			isa = PBXProject;
			attributes = {
				BuildIndependentTargetsInParallel = 1;
				LastSwiftUpdateCheck = 1420;
				LastUpgradeCheck = 1420;
				TargetAttributes = {
					FA6E3EE12A63F16300C0BE91 = {
						CreatedOnToolsVersion = 14.2;
					};
				};
			};
			buildConfigurationList = FA6E3EDD2A63F16300C0BE91 /* Build configuration list for PBXProject "MovieDB" */;
			compatibilityVersion = "Xcode 14.0";
			developmentRegion = en;
			hasScannedForEncodings = 0;
			knownRegions = (
				en,
				Base,
			);
			mainGroup = FA6E3ED92A63F16300C0BE91;
			packageReferences = (
				FA312BB82A6FEBA6007FFB98 /* XCRemoteSwiftPackageReference "Alamofire" */,
				FAB99A6A2A7A59F300EB5307 /* XCRemoteSwiftPackageReference "SDWebImage" */,
			);
			productRefGroup = FA6E3EE32A63F16300C0BE91 /* Products */;
			projectDirPath = "";
			projectRoot = "";
			targets = (
				FA6E3EE12A63F16300C0BE91 /* MovieDB */,
			);
		};
/* End PBXProject section */

/* Begin PBXResourcesBuildPhase section */
		FA6E3EE02A63F16300C0BE91 /* Resources */ = {
			isa = PBXResourcesBuildPhase;
			buildActionMask = 2147483647;
			files = (
				FAB226B02A8D697600E4F2DE /* TrailerCollectionViewCell.xib in Resources */,
				FA6E3EF22A63F16400C0BE91 /* LaunchScreen.storyboard in Resources */,
				FAB226B42A8D698B00E4F2DE /* ActorsCollectionViewCell.xib in Resources */,
				FA0BADF22A8BDAAD0066EE40 /* DetailMovieViewController.xib in Resources */,
				FA6E3EEF2A63F16400C0BE91 /* Assets.xcassets in Resources */,
				FA60F1152A910259008444B9 /* DetailMovieTableViewCell.xib in Resources */,
				FAB99A512A7940B800EB5307 /* MovieCollectionTableViewCell.xib in Resources */,
				FAB99A592A79436600EB5307 /* MovieListCollectionViewCell.xib in Resources */,
				FA6E3EED2A63F16300C0BE91 /* Main.storyboard in Resources */,
				FA42FB8E2A79315A00076879 /* HomeViewController.xib in Resources */,
			);
			runOnlyForDeploymentPostprocessing = 0;
		};
/* End PBXResourcesBuildPhase section */

/* Begin PBXSourcesBuildPhase section */
		FA6E3EDE2A63F16300C0BE91 /* Sources */ = {
			isa = PBXSourcesBuildPhase;
			buildActionMask = 2147483647;
			files = (
				FAB99A692A79733000EB5307 /* Constant+RequestParthMovie.swift in Sources */,
				FA9BA4B62A83A36E006F6EFF /* CustomUIViewContainer.swift in Sources */,
				FAB99A652A796E6D00EB5307 /* TrendMoviesModel.swift in Sources */,
				FA0BADF42A8BDAD80066EE40 /* DetailMovieViewModel.swift in Sources */,
				FAB99A5E2A796CEE00EB5307 /* MovieModelProtocol.swift in Sources */,
				FAB99A672A7972EC00EB5307 /* Constant.swift in Sources */,
				FA6E3EEA2A63F16300C0BE91 /* ViewController.swift in Sources */,
				FA0BADF62A8BDCB60066EE40 /* ScoreIndicatorView.swift in Sources */,
				FAB99A582A79436600EB5307 /* MovieListCollectionViewCell.swift in Sources */,
				FAED83842A8D06EB00328E0F /* DetailMovieModel.swift in Sources */,
				FAED83882A8D073100328E0F /* Genre.swift in Sources */,
				FAB99A502A7940B800EB5307 /* MovieCollectionTableViewCell.swift in Sources */,
				FAB226AF2A8D697600E4F2DE /* TrailerCollectionViewCell.swift in Sources */,
				FAB226AA2A8D65B600E4F2DE /* AlertTitle.swift in Sources */,
				FAB99A732A7A5C0000EB5307 /* ImageSizeSections.swift in Sources */,
				FAED83902A8D09F100328E0F /* Language.swift in Sources */,
				FA45EA612A684AF40012791A /* BaseViewModel.swift in Sources */,
				FA0BADF12A8BDAAD0066EE40 /* DetailMovieViewController.swift in Sources */,
				FA0BADF82A8BDFAE0066EE40 /* UIViewController+Extension.swift in Sources */,
				FAB226A42A8D4B5000E4F2DE /* UILabel+Extension.swift in Sources */,
				FA312BB72A6FEAEE007FFB98 /* Network.swift in Sources */,
				FAB226B72A8D718500E4F2DE /* DetailMovieTableViewCell.swift in Sources */,
				FA42FB902A79316A00076879 /* HomeViewModel.swift in Sources */,
				FAB99A612A796D3E00EB5307 /* MovieResult.swift in Sources */,
				FAED83812A8BEE1000328E0F /* CustomContainerUIView.swift in Sources */,
				FAB99A632A796E3C00EB5307 /* PopularMoviesModel.swift in Sources */,
				FAB226B32A8D698B00E4F2DE /* ActorsCollectionViewCell.swift in Sources */,
				FAED83922A8D0C1500328E0F /* CustomUILabel.swift in Sources */,
				FA45EA5F2A684ADD0012791A /* BaseViewController.swift in Sources */,
				FAED838C2A8D079100328E0F /* SpokenLanguage.swift in Sources */,
				FA6E3EE62A63F16300C0BE91 /* AppDelegate.swift in Sources */,
				FAED83942A8D0D2400328E0F /* CustomUIButton.swift in Sources */,
				FA42FB8D2A79315A00076879 /* HomeViewController.swift in Sources */,
				FAB99A712A7A5AAB00EB5307 /* UIImageView+Extension.swift in Sources */,
				FAED838A2A8D075F00328E0F /* ProductionCountry.swift in Sources */,
				FA6E3EE82A63F16300C0BE91 /* SceneDelegate.swift in Sources */,
				FAB226A62A8D4B9600E4F2DE /* IconeColor.swift in Sources */,
				FAB226A82A8D4BBD00E4F2DE /* IconeName.swift in Sources */,
				FAB99A752A7A665000EB5307 /* MovieTableViewCellDelegate.swift in Sources */,
				FAED83862A8D070400328E0F /* ProductionCompany.swift in Sources */,
				FA9BA4B82A83A3C9006F6EFF /* CustomUIImageView.swift in Sources */,
				FAB226AC2A8D65E900E4F2DE /* ActionTitle.swift in Sources */,
			);
			runOnlyForDeploymentPostprocessing = 0;
		};
/* End PBXSourcesBuildPhase section */

/* Begin PBXVariantGroup section */
		FA6E3EEB2A63F16300C0BE91 /* Main.storyboard */ = {
			isa = PBXVariantGroup;
			children = (
				FA6E3EEC2A63F16300C0BE91 /* Base */,
			);
			name = Main.storyboard;
			sourceTree = "<group>";
		};
		FA6E3EF02A63F16400C0BE91 /* LaunchScreen.storyboard */ = {
			isa = PBXVariantGroup;
			children = (
				FA6E3EF12A63F16400C0BE91 /* Base */,
			);
			name = LaunchScreen.storyboard;
			sourceTree = "<group>";
		};
/* End PBXVariantGroup section */

/* Begin XCBuildConfiguration section */
		FA6E3EF42A63F16400C0BE91 /* Debug */ = {
			isa = XCBuildConfiguration;
			buildSettings = {
				ALWAYS_SEARCH_USER_PATHS = NO;
				CLANG_ANALYZER_NONNULL = YES;
				CLANG_ANALYZER_NUMBER_OBJECT_CONVERSION = YES_AGGRESSIVE;
				CLANG_CXX_LANGUAGE_STANDARD = "gnu++20";
				CLANG_ENABLE_MODULES = YES;
				CLANG_ENABLE_OBJC_ARC = YES;
				CLANG_ENABLE_OBJC_WEAK = YES;
				CLANG_WARN_BLOCK_CAPTURE_AUTORELEASING = YES;
				CLANG_WARN_BOOL_CONVERSION = YES;
				CLANG_WARN_COMMA = YES;
				CLANG_WARN_CONSTANT_CONVERSION = YES;
				CLANG_WARN_DEPRECATED_OBJC_IMPLEMENTATIONS = YES;
				CLANG_WARN_DIRECT_OBJC_ISA_USAGE = YES_ERROR;
				CLANG_WARN_DOCUMENTATION_COMMENTS = YES;
				CLANG_WARN_EMPTY_BODY = YES;
				CLANG_WARN_ENUM_CONVERSION = YES;
				CLANG_WARN_INFINITE_RECURSION = YES;
				CLANG_WARN_INT_CONVERSION = YES;
				CLANG_WARN_NON_LITERAL_NULL_CONVERSION = YES;
				CLANG_WARN_OBJC_IMPLICIT_RETAIN_SELF = YES;
				CLANG_WARN_OBJC_LITERAL_CONVERSION = YES;
				CLANG_WARN_OBJC_ROOT_CLASS = YES_ERROR;
				CLANG_WARN_QUOTED_INCLUDE_IN_FRAMEWORK_HEADER = YES;
				CLANG_WARN_RANGE_LOOP_ANALYSIS = YES;
				CLANG_WARN_STRICT_PROTOTYPES = YES;
				CLANG_WARN_SUSPICIOUS_MOVE = YES;
				CLANG_WARN_UNGUARDED_AVAILABILITY = YES_AGGRESSIVE;
				CLANG_WARN_UNREACHABLE_CODE = YES;
				CLANG_WARN__DUPLICATE_METHOD_MATCH = YES;
				COPY_PHASE_STRIP = NO;
				DEBUG_INFORMATION_FORMAT = dwarf;
				ENABLE_STRICT_OBJC_MSGSEND = YES;
				ENABLE_TESTABILITY = YES;
				GCC_C_LANGUAGE_STANDARD = gnu11;
				GCC_DYNAMIC_NO_PIC = NO;
				GCC_NO_COMMON_BLOCKS = YES;
				GCC_OPTIMIZATION_LEVEL = 0;
				GCC_PREPROCESSOR_DEFINITIONS = (
					"DEBUG=1",
					"$(inherited)",
				);
				GCC_WARN_64_TO_32_BIT_CONVERSION = YES;
				GCC_WARN_ABOUT_RETURN_TYPE = YES_ERROR;
				GCC_WARN_UNDECLARED_SELECTOR = YES;
				GCC_WARN_UNINITIALIZED_AUTOS = YES_AGGRESSIVE;
				GCC_WARN_UNUSED_FUNCTION = YES;
				GCC_WARN_UNUSED_VARIABLE = YES;
				IPHONEOS_DEPLOYMENT_TARGET = 16.2;
				MTL_ENABLE_DEBUG_INFO = INCLUDE_SOURCE;
				MTL_FAST_MATH = YES;
				ONLY_ACTIVE_ARCH = YES;
				SDKROOT = iphoneos;
				SWIFT_ACTIVE_COMPILATION_CONDITIONS = DEBUG;
				SWIFT_OPTIMIZATION_LEVEL = "-Onone";
			};
			name = Debug;
		};
		FA6E3EF52A63F16400C0BE91 /* Release */ = {
			isa = XCBuildConfiguration;
			buildSettings = {
				ALWAYS_SEARCH_USER_PATHS = NO;
				CLANG_ANALYZER_NONNULL = YES;
				CLANG_ANALYZER_NUMBER_OBJECT_CONVERSION = YES_AGGRESSIVE;
				CLANG_CXX_LANGUAGE_STANDARD = "gnu++20";
				CLANG_ENABLE_MODULES = YES;
				CLANG_ENABLE_OBJC_ARC = YES;
				CLANG_ENABLE_OBJC_WEAK = YES;
				CLANG_WARN_BLOCK_CAPTURE_AUTORELEASING = YES;
				CLANG_WARN_BOOL_CONVERSION = YES;
				CLANG_WARN_COMMA = YES;
				CLANG_WARN_CONSTANT_CONVERSION = YES;
				CLANG_WARN_DEPRECATED_OBJC_IMPLEMENTATIONS = YES;
				CLANG_WARN_DIRECT_OBJC_ISA_USAGE = YES_ERROR;
				CLANG_WARN_DOCUMENTATION_COMMENTS = YES;
				CLANG_WARN_EMPTY_BODY = YES;
				CLANG_WARN_ENUM_CONVERSION = YES;
				CLANG_WARN_INFINITE_RECURSION = YES;
				CLANG_WARN_INT_CONVERSION = YES;
				CLANG_WARN_NON_LITERAL_NULL_CONVERSION = YES;
				CLANG_WARN_OBJC_IMPLICIT_RETAIN_SELF = YES;
				CLANG_WARN_OBJC_LITERAL_CONVERSION = YES;
				CLANG_WARN_OBJC_ROOT_CLASS = YES_ERROR;
				CLANG_WARN_QUOTED_INCLUDE_IN_FRAMEWORK_HEADER = YES;
				CLANG_WARN_RANGE_LOOP_ANALYSIS = YES;
				CLANG_WARN_STRICT_PROTOTYPES = YES;
				CLANG_WARN_SUSPICIOUS_MOVE = YES;
				CLANG_WARN_UNGUARDED_AVAILABILITY = YES_AGGRESSIVE;
				CLANG_WARN_UNREACHABLE_CODE = YES;
				CLANG_WARN__DUPLICATE_METHOD_MATCH = YES;
				COPY_PHASE_STRIP = NO;
				DEBUG_INFORMATION_FORMAT = "dwarf-with-dsym";
				ENABLE_NS_ASSERTIONS = NO;
				ENABLE_STRICT_OBJC_MSGSEND = YES;
				GCC_C_LANGUAGE_STANDARD = gnu11;
				GCC_NO_COMMON_BLOCKS = YES;
				GCC_WARN_64_TO_32_BIT_CONVERSION = YES;
				GCC_WARN_ABOUT_RETURN_TYPE = YES_ERROR;
				GCC_WARN_UNDECLARED_SELECTOR = YES;
				GCC_WARN_UNINITIALIZED_AUTOS = YES_AGGRESSIVE;
				GCC_WARN_UNUSED_FUNCTION = YES;
				GCC_WARN_UNUSED_VARIABLE = YES;
				IPHONEOS_DEPLOYMENT_TARGET = 16.2;
				MTL_ENABLE_DEBUG_INFO = NO;
				MTL_FAST_MATH = YES;
				SDKROOT = iphoneos;
				SWIFT_COMPILATION_MODE = wholemodule;
				SWIFT_OPTIMIZATION_LEVEL = "-O";
				VALIDATE_PRODUCT = YES;
			};
			name = Release;
		};
		FA6E3EF72A63F16400C0BE91 /* Debug */ = {
			isa = XCBuildConfiguration;
			buildSettings = {
				ASSETCATALOG_COMPILER_APPICON_NAME = AppIcon;
				ASSETCATALOG_COMPILER_GLOBAL_ACCENT_COLOR_NAME = AccentColor;
				CODE_SIGN_STYLE = Automatic;
				CURRENT_PROJECT_VERSION = 1;
				GENERATE_INFOPLIST_FILE = YES;
				INFOPLIST_FILE = MovieDB/Info.plist;
				INFOPLIST_KEY_UIApplicationSupportsIndirectInputEvents = YES;
				INFOPLIST_KEY_UILaunchStoryboardName = LaunchScreen;
				INFOPLIST_KEY_UIMainStoryboardFile = Main;
				INFOPLIST_KEY_UISupportedInterfaceOrientations_iPad = "UIInterfaceOrientationPortrait UIInterfaceOrientationPortraitUpsideDown UIInterfaceOrientationLandscapeLeft UIInterfaceOrientationLandscapeRight";
				INFOPLIST_KEY_UISupportedInterfaceOrientations_iPhone = "UIInterfaceOrientationPortrait UIInterfaceOrientationLandscapeLeft UIInterfaceOrientationLandscapeRight";
				LD_RUNPATH_SEARCH_PATHS = (
					"$(inherited)",
					"@executable_path/Frameworks",
				);
				MARKETING_VERSION = 1.0;
				PRODUCT_BUNDLE_IDENTIFIER = com.ilkayipek.MovieDB;
				PRODUCT_NAME = "$(TARGET_NAME)";
				SWIFT_EMIT_LOC_STRINGS = YES;
				SWIFT_VERSION = 5.0;
				TARGETED_DEVICE_FAMILY = "1,2";
			};
			name = Debug;
		};
		FA6E3EF82A63F16400C0BE91 /* Release */ = {
			isa = XCBuildConfiguration;
			buildSettings = {
				ASSETCATALOG_COMPILER_APPICON_NAME = AppIcon;
				ASSETCATALOG_COMPILER_GLOBAL_ACCENT_COLOR_NAME = AccentColor;
				CODE_SIGN_STYLE = Automatic;
				CURRENT_PROJECT_VERSION = 1;
				GENERATE_INFOPLIST_FILE = YES;
				INFOPLIST_FILE = MovieDB/Info.plist;
				INFOPLIST_KEY_UIApplicationSupportsIndirectInputEvents = YES;
				INFOPLIST_KEY_UILaunchStoryboardName = LaunchScreen;
				INFOPLIST_KEY_UIMainStoryboardFile = Main;
				INFOPLIST_KEY_UISupportedInterfaceOrientations_iPad = "UIInterfaceOrientationPortrait UIInterfaceOrientationPortraitUpsideDown UIInterfaceOrientationLandscapeLeft UIInterfaceOrientationLandscapeRight";
				INFOPLIST_KEY_UISupportedInterfaceOrientations_iPhone = "UIInterfaceOrientationPortrait UIInterfaceOrientationLandscapeLeft UIInterfaceOrientationLandscapeRight";
				LD_RUNPATH_SEARCH_PATHS = (
					"$(inherited)",
					"@executable_path/Frameworks",
				);
				MARKETING_VERSION = 1.0;
				PRODUCT_BUNDLE_IDENTIFIER = com.ilkayipek.MovieDB;
				PRODUCT_NAME = "$(TARGET_NAME)";
				SWIFT_EMIT_LOC_STRINGS = YES;
				SWIFT_VERSION = 5.0;
				TARGETED_DEVICE_FAMILY = "1,2";
			};
			name = Release;
		};
/* End XCBuildConfiguration section */

/* Begin XCConfigurationList section */
		FA6E3EDD2A63F16300C0BE91 /* Build configuration list for PBXProject "MovieDB" */ = {
			isa = XCConfigurationList;
			buildConfigurations = (
				FA6E3EF42A63F16400C0BE91 /* Debug */,
				FA6E3EF52A63F16400C0BE91 /* Release */,
			);
			defaultConfigurationIsVisible = 0;
			defaultConfigurationName = Release;
		};
		FA6E3EF62A63F16400C0BE91 /* Build configuration list for PBXNativeTarget "MovieDB" */ = {
			isa = XCConfigurationList;
			buildConfigurations = (
				FA6E3EF72A63F16400C0BE91 /* Debug */,
				FA6E3EF82A63F16400C0BE91 /* Release */,
			);
			defaultConfigurationIsVisible = 0;
			defaultConfigurationName = Release;
		};
/* End XCConfigurationList section */

/* Begin XCRemoteSwiftPackageReference section */
		FA312BB82A6FEBA6007FFB98 /* XCRemoteSwiftPackageReference "Alamofire" */ = {
			isa = XCRemoteSwiftPackageReference;
			repositoryURL = "https://github.com/Alamofire/Alamofire.git";
			requirement = {
				kind = upToNextMajorVersion;
				minimumVersion = 5.0.0;
			};
		};
		FAB99A6A2A7A59F300EB5307 /* XCRemoteSwiftPackageReference "SDWebImage" */ = {
			isa = XCRemoteSwiftPackageReference;
			repositoryURL = "https://github.com/SDWebImage/SDWebImage.git";
			requirement = {
				kind = upToNextMajorVersion;
				minimumVersion = 5.0.0;
			};
		};
/* End XCRemoteSwiftPackageReference section */

/* Begin XCSwiftPackageProductDependency section */
		FA312BB92A6FEBA6007FFB98 /* Alamofire */ = {
			isa = XCSwiftPackageProductDependency;
			package = FA312BB82A6FEBA6007FFB98 /* XCRemoteSwiftPackageReference "Alamofire" */;
			productName = Alamofire;
		};
		FAB99A6B2A7A59F300EB5307 /* SDWebImage */ = {
			isa = XCSwiftPackageProductDependency;
			package = FAB99A6A2A7A59F300EB5307 /* XCRemoteSwiftPackageReference "SDWebImage" */;
			productName = SDWebImage;
		};
		FAB99A6D2A7A59F300EB5307 /* SDWebImageMapKit */ = {
			isa = XCSwiftPackageProductDependency;
			package = FAB99A6A2A7A59F300EB5307 /* XCRemoteSwiftPackageReference "SDWebImage" */;
			productName = SDWebImageMapKit;
		};
/* End XCSwiftPackageProductDependency section */
	};
	rootObject = FA6E3EDA2A63F16300C0BE91 /* Project object */;
}
